{
  "version": 4,
  "terraform_version": "1.3.1",
  "serial": 233,
  "lineage": "33d0967e-e0f6-5c31-dab1-bc2eba6ed579",
  "outputs": {
    "bucket_access": {
      "value": "YCAJEFxBTashJuKHHiEl4L_fo",
      "type": "string"
    },
    "bucket_secret": {
      "value": "YCM_KR6e1jBMLj9YXKob7O7xNgXT7kevU5yoAZd3",
      "type": "string",
      "sensitive": true
    },
    "external_ip_address_load_balancer": {
      "value": [
        [
          "62.84.113.87"
        ]
      ],
      "type": [
        "list",
        [
          "list",
          "string"
        ]
      ]
    }
  },
  "resources": [
    {
      "mode": "managed",
      "type": "yandex_iam_service_account",
      "name": "sa",
      "provider": "provider[\"registry.terraform.io/yandex-cloud/yandex\"]",
      "instances": [
        {
          "schema_version": 0,
          "attributes": {
            "created_at": "2022-10-12T21:36:50Z",
            "description": "",
            "folder_id": "b1grtf5annaj45kv1e3p",
            "id": "aje6m3rvividgi3ui09s",
            "name": "niardan",
            "timeouts": null
          },
          "sensitive_attributes": [],
          "private": "eyJlMmJmYjczMC1lY2FhLTExZTYtOGY4OC0zNDM2M2JjN2M0YzAiOnsiY3JlYXRlIjo2MDAwMDAwMDAwMCwiZGVsZXRlIjo2MDAwMDAwMDAwMCwidXBkYXRlIjo2MDAwMDAwMDAwMH19"
        }
      ]
    },
    {
      "mode": "managed",
      "type": "yandex_iam_service_account_static_access_key",
      "name": "sa-static-key",
      "provider": "provider[\"registry.terraform.io/yandex-cloud/yandex\"]",
      "instances": [
        {
          "schema_version": 0,
          "attributes": {
            "access_key": "YCAJEFxBTashJuKHHiEl4L_fo",
            "created_at": "2022-10-12T21:36:51Z",
            "description": "static key for object storage",
            "encrypted_secret_key": null,
            "id": "ajeipmn3k8ml6l5bhfdl",
            "key_fingerprint": null,
            "pgp_key": null,
            "secret_key": "YCM_KR6e1jBMLj9YXKob7O7xNgXT7kevU5yoAZd3",
            "service_account_id": "aje6m3rvividgi3ui09s"
          },
          "sensitive_attributes": [],
          "private": "bnVsbA==",
          "dependencies": [
            "yandex_iam_service_account.sa"
          ]
        }
      ]
    },
    {
      "mode": "managed",
      "type": "yandex_lb_network_load_balancer",
      "name": "load_balancer",
      "provider": "provider[\"registry.terraform.io/yandex-cloud/yandex\"]",
      "instances": [
        {
          "schema_version": 0,
          "attributes": {
            "attached_target_group": [
              {
                "healthcheck": [
                  {
                    "healthy_threshold": 2,
                    "http_options": [
                      {
                        "path": "/",
                        "port": 80
                      }
                    ],
                    "interval": 2,
                    "name": "http",
                    "tcp_options": [],
                    "timeout": 1,
                    "unhealthy_threshold": 2
                  }
                ],
                "target_group_id": "enpcabkd6f5r0dusiirn"
              }
            ],
            "created_at": "2022-10-13T07:42:55Z",
            "description": "",
            "folder_id": "b1grtf5annaj45kv1e3p",
            "id": "enp6i5pluta265dvhhr4",
            "labels": {},
            "listener": [
              {
                "external_address_spec": [
                  {
                    "address": "62.84.113.87",
                    "ip_version": "ipv4"
                  }
                ],
                "internal_address_spec": [],
                "name": "my-listener",
                "port": 80,
                "protocol": "tcp",
                "target_port": 80
              }
            ],
            "name": "my-network-load-balancer",
            "region_id": "ru-central1",
            "timeouts": null,
            "type": "external"
          },
          "sensitive_attributes": [],
          "private": "eyJlMmJmYjczMC1lY2FhLTExZTYtOGY4OC0zNDM2M2JjN2M0YzAiOnsiY3JlYXRlIjozMDAwMDAwMDAwMDAsImRlbGV0ZSI6MzAwMDAwMDAwMDAwLCJ1cGRhdGUiOjMwMDAwMDAwMDAwMH19",
          "dependencies": [
            "module.ya_instance_1.data.yandex_compute_image.server_image",
            "module.ya_instance_1.yandex_compute_instance.vm-server",
            "module.ya_instance_2.data.yandex_compute_image.server_image",
            "module.ya_instance_2.yandex_compute_instance.vm-server",
            "yandex_lb_target_group.my-target-group",
            "yandex_vpc_network.terraform-network",
            "yandex_vpc_subnet.subnet1",
            "yandex_vpc_subnet.subnet2"
          ]
        }
      ]
    },
    {
      "mode": "managed",
      "type": "yandex_lb_target_group",
      "name": "my-target-group",
      "provider": "provider[\"registry.terraform.io/yandex-cloud/yandex\"]",
      "instances": [
        {
          "schema_version": 0,
          "attributes": {
            "created_at": "2022-10-13T07:42:54Z",
            "description": "",
            "folder_id": "b1grtf5annaj45kv1e3p",
            "id": "enpcabkd6f5r0dusiirn",
            "labels": {},
            "name": "my-target-group",
            "region_id": "ru-central1",
            "target": [
              {
                "address": "192.168.10.12",
                "subnet_id": "e9b7g04bntml6rttp009"
              },
              {
                "address": "192.168.11.20",
                "subnet_id": "e2lvl9odplmanf6i3tt2"
              }
            ],
            "timeouts": null
          },
          "sensitive_attributes": [],
          "private": "eyJlMmJmYjczMC1lY2FhLTExZTYtOGY4OC0zNDM2M2JjN2M0YzAiOnsiY3JlYXRlIjozMDAwMDAwMDAwMDAsImRlbGV0ZSI6MzAwMDAwMDAwMDAwLCJ1cGRhdGUiOjMwMDAwMDAwMDAwMH19",
          "dependencies": [
            "module.ya_instance_1.data.yandex_compute_image.server_image",
            "module.ya_instance_1.yandex_compute_instance.vm-server",
            "module.ya_instance_2.data.yandex_compute_image.server_image",
            "module.ya_instance_2.yandex_compute_instance.vm-server",
            "yandex_vpc_network.terraform-network",
            "yandex_vpc_subnet.subnet1",
            "yandex_vpc_subnet.subnet2"
          ]
        }
      ]
    },
    {
      "mode": "managed",
      "type": "yandex_resourcemanager_folder_iam_member",
      "name": "sa-editor",
      "provider": "provider[\"registry.terraform.io/yandex-cloud/yandex\"]",
      "instances": [
        {
          "schema_version": 0,
          "attributes": {
            "folder_id": "b1grtf5annaj45kv1e3p",
            "id": "b1grtf5annaj45kv1e3p/storage.editor/serviceAccount:aje6m3rvividgi3ui09s",
            "member": "serviceAccount:aje6m3rvividgi3ui09s",
            "role": "storage.editor",
            "sleep_after": null
          },
          "sensitive_attributes": [],
          "private": "bnVsbA==",
          "dependencies": [
            "yandex_iam_service_account.sa"
          ]
        }
      ]
    },
    {
      "mode": "managed",
      "type": "yandex_storage_bucket",
      "name": "remote-niardan-state-storage",
      "provider": "provider[\"registry.terraform.io/yandex-cloud/yandex\"]",
      "instances": [
        {
          "schema_version": 0,
          "attributes": {
            "access_key": "YCAJEFxBTashJuKHHiEl4L_fo",
            "acl": "private",
            "bucket": "remote-niardan-state-storage",
            "bucket_domain_name": "remote-niardan-state-storage.storage.yandexcloud.net",
            "bucket_prefix": null,
            "cors_rule": [],
            "force_destroy": false,
            "grant": [],
            "id": "remote-niardan-state-storage",
            "lifecycle_rule": [],
            "logging": [],
            "policy": null,
            "secret_key": "YCM_KR6e1jBMLj9YXKob7O7xNgXT7kevU5yoAZd3",
            "server_side_encryption_configuration": [],
            "versioning": [
              {
                "enabled": false
              }
            ],
            "website": [],
            "website_domain": null,
            "website_endpoint": null
          },
          "sensitive_attributes": [
            [
              {
                "type": "get_attr",
                "value": "secret_key"
              }
            ]
          ],
          "private": "bnVsbA==",
          "dependencies": [
            "yandex_iam_service_account.sa",
            "yandex_iam_service_account_static_access_key.sa-static-key"
          ]
        }
      ]
    },
    {
      "mode": "managed",
      "type": "yandex_vpc_network",
      "name": "terraform-network",
      "provider": "provider[\"registry.terraform.io/yandex-cloud/yandex\"]",
      "instances": [
        {
          "schema_version": 0,
          "attributes": {
            "created_at": "2022-10-12T21:23:08Z",
            "default_security_group_id": "",
            "description": "",
            "folder_id": "b1grtf5annaj45kv1e3p",
            "id": "enpt1f9qgj5fg0co54b7",
            "labels": {},
            "name": "terraform-network",
            "subnet_ids": [
              "e2lvl9odplmanf6i3tt2",
              "e9b7g04bntml6rttp009"
            ],
            "timeouts": null
          },
          "sensitive_attributes": [],
          "private": "eyJlMmJmYjczMC1lY2FhLTExZTYtOGY4OC0zNDM2M2JjN2M0YzAiOnsiY3JlYXRlIjo2MDAwMDAwMDAwMCwiZGVsZXRlIjo2MDAwMDAwMDAwMCwidXBkYXRlIjo2MDAwMDAwMDAwMH19"
        }
      ]
    },
    {
      "mode": "managed",
      "type": "yandex_vpc_subnet",
      "name": "subnet1",
      "provider": "provider[\"registry.terraform.io/yandex-cloud/yandex\"]",
      "instances": [
        {
          "schema_version": 0,
          "attributes": {
            "created_at": "2022-10-12T21:23:09Z",
            "description": "",
            "dhcp_options": [],
            "folder_id": "b1grtf5annaj45kv1e3p",
            "id": "e9b7g04bntml6rttp009",
            "labels": {},
            "name": "subnet1",
            "network_id": "enpt1f9qgj5fg0co54b7",
            "route_table_id": "",
            "timeouts": null,
            "v4_cidr_blocks": [
              "192.168.10.0/24"
            ],
            "v6_cidr_blocks": [],
            "zone": "ru-central1-a"
          },
          "sensitive_attributes": [],
          "private": "eyJlMmJmYjczMC1lY2FhLTExZTYtOGY4OC0zNDM2M2JjN2M0YzAiOnsiY3JlYXRlIjoxODAwMDAwMDAwMDAsImRlbGV0ZSI6MTgwMDAwMDAwMDAwLCJ1cGRhdGUiOjE4MDAwMDAwMDAwMH19",
          "dependencies": [
            "yandex_vpc_network.terraform-network"
          ]
        }
      ]
    },
    {
      "mode": "managed",
      "type": "yandex_vpc_subnet",
      "name": "subnet2",
      "provider": "provider[\"registry.terraform.io/yandex-cloud/yandex\"]",
      "instances": [
        {
          "schema_version": 0,
          "attributes": {
            "created_at": "2022-10-13T08:28:23Z",
            "description": "",
            "dhcp_options": [],
            "folder_id": "b1grtf5annaj45kv1e3p",
            "id": "e2lvl9odplmanf6i3tt2",
            "labels": {},
            "name": "subnet2",
            "network_id": "enpt1f9qgj5fg0co54b7",
            "route_table_id": "",
            "timeouts": null,
            "v4_cidr_blocks": [
              "192.168.11.0/24"
            ],
            "v6_cidr_blocks": [],
            "zone": "ru-central1-b"
          },
          "sensitive_attributes": [],
          "private": "eyJlMmJmYjczMC1lY2FhLTExZTYtOGY4OC0zNDM2M2JjN2M0YzAiOnsiY3JlYXRlIjoxODAwMDAwMDAwMDAsImRlbGV0ZSI6MTgwMDAwMDAwMDAwLCJ1cGRhdGUiOjE4MDAwMDAwMDAwMH19",
          "dependencies": [
            "yandex_vpc_network.terraform-network"
          ]
        }
      ]
    },
    {
      "module": "module.ya_instance_1",
      "mode": "data",
      "type": "yandex_compute_image",
      "name": "server_image",
      "provider": "module.ya_instance_1.provider[\"registry.terraform.io/yandex-cloud/yandex\"]",
      "instances": [
        {
          "schema_version": 0,
          "attributes": {
            "created_at": "2022-06-20T10:43:03Z",
            "description": "LEMP",
            "family": "lemp",
            "folder_id": "standard-images",
            "id": "fd8lur056bsfs83gfnvm",
            "image_id": "fd8lur056bsfs83gfnvm",
            "labels": {},
            "min_disk_size": 3,
            "name": "lemp-v20220620",
            "os_type": "linux",
            "product_ids": [
              "f2ec3jc5n293i5q2fkra",
              "f2el8bvfossqruqgt6sb"
            ],
            "size": 2,
            "status": "ready"
          },
          "sensitive_attributes": []
        }
      ]
    },
    {
      "module": "module.ya_instance_1",
      "mode": "managed",
      "type": "yandex_compute_instance",
      "name": "vm-server",
      "provider": "module.ya_instance_1.provider[\"registry.terraform.io/yandex-cloud/yandex\"]",
      "instances": [
        {
          "schema_version": 1,
          "attributes": {
            "allow_stopping_for_update": true,
            "boot_disk": [
              {
                "auto_delete": true,
                "device_name": "fhmtsgfl8bt42922g0jc",
                "disk_id": "fhmtsgfl8bt42922g0jc",
                "initialize_params": [
                  {
                    "description": "",
                    "image_id": "fd8lur056bsfs83gfnvm",
                    "name": "",
                    "size": 3,
                    "snapshot_id": "",
                    "type": "network-hdd"
                  }
                ],
                "mode": "READ_WRITE"
              }
            ],
            "created_at": "2022-10-13T07:34:17Z",
            "description": "",
            "folder_id": "b1grtf5annaj45kv1e3p",
            "fqdn": "fhmle2s2vit4sdb2g62m.auto.internal",
            "hostname": "fhmle2s2vit4sdb2g62m",
            "id": "fhmle2s2vit4sdb2g62m",
            "labels": {},
            "metadata": {
              "ssh-key": "ssh-rsa AAAAB3NzaC1yc2EAAAADAQABAAACAQD8MlCo5bcu0y1XA+5NgAQe/a+egSy45n/JRMR52CdqvUkVwtGPJATS5nlkyPVzZc/+uW5GqHMyqFxemB9r7BviM/DBFnP9HTet3+eUPKXb4lQMLxfHjqkRgpwDjQBpiTCvwMg9jhCVWlzdF++s5If/E4QMGrV3Fv8q/KdZYDehTg2zU7dWUIt406lowmTHbnCIpUb08j5f9dusMmy3UJXUPfn4dmF+TBnIB6vDSBffWgVun0JIgr1F56z/Xd4VSe7ivJCMjPK3BJTVgKjY75N6KN3lvmnRpWyJ1x2nrl8/4Iw4IcOwCsn3IgKlZqDlHuBu7jxRwON9TytMcNeSfryvq++/u23Bw51cc/ogeWgm2XjfibScCdwTKKBbrbq7C4qpQ0dLjjJCrswEdYN0+KsqN4/LG6hk7lNP5wW9EheZscPyKIC0KxHYdcptZlLyfjpYhjR/N/GGgTVVCkDrt1qk7RaEqHsH6lOGSgI7QLosDxq9OMLy9MJwHeK+TqfIbGCdf7qapDhy1bleHuezhBjUUG0pKnn8eQpTq7Pfl3QY9CpbiLD1BSUCtyuTDsHX+rTz3EBB9Qv3pT+e48dnAXhB0Ioc1vWRwHk/o/ZK7qtigq8pRRLsBVn4SGzpVUmiJ/LI6KAzPV/TpQOYIBk/CnninlGSOW6gucq6k3fsn9s0Ww== kotow@HomeComp\r\n"
            },
            "name": "server-ya-instance-1",
            "network_acceleration_type": "standard",
            "network_interface": [
              {
                "dns_record": [],
                "index": 0,
                "ip_address": "192.168.10.12",
                "ipv4": true,
                "ipv6": false,
                "ipv6_address": "",
                "ipv6_dns_record": [],
                "mac_address": "d0:0d:15:70:b8:2f",
                "nat": true,
                "nat_dns_record": [],
                "nat_ip_address": "178.154.206.92",
                "nat_ip_version": "IPV4",
                "security_group_ids": [],
                "subnet_id": "e9b7g04bntml6rttp009"
              }
            ],
            "placement_policy": [
              {
                "placement_group_id": ""
              }
            ],
            "platform_id": "standard-v1",
            "resources": [
              {
                "core_fraction": 100,
                "cores": 2,
                "gpus": 0,
                "memory": 2
              }
            ],
            "scheduling_policy": [
              {
                "preemptible": false
              }
            ],
            "secondary_disk": [],
            "service_account_id": "",
            "status": "running",
            "timeouts": null,
            "zone": "ru-central1-a"
          },
          "sensitive_attributes": [],
          "private": "eyJlMmJmYjczMC1lY2FhLTExZTYtOGY4OC0zNDM2M2JjN2M0YzAiOnsiY3JlYXRlIjozMDAwMDAwMDAwMDAsImRlbGV0ZSI6MzAwMDAwMDAwMDAwLCJ1cGRhdGUiOjMwMDAwMDAwMDAwMH0sInNjaGVtYV92ZXJzaW9uIjoiMSJ9",
          "dependencies": [
            "module.ya_instance_1.data.yandex_compute_image.server_image",
            "yandex_vpc_network.terraform-network",
            "yandex_vpc_subnet.subnet1"
          ]
        }
      ]
    },
    {
      "module": "module.ya_instance_2",
      "mode": "data",
      "type": "yandex_compute_image",
      "name": "server_image",
      "provider": "module.ya_instance_2.provider[\"registry.terraform.io/yandex-cloud/yandex\"]",
      "instances": [
        {
          "schema_version": 0,
          "attributes": {
            "created_at": "2022-09-05T10:46:05Z",
            "description": "LAMP",
            "family": "lamp",
            "folder_id": "standard-images",
            "id": "fd8pud26a17jdkbf9ecb",
            "image_id": "fd8pud26a17jdkbf9ecb",
            "labels": {},
            "min_disk_size": 3,
            "name": "lamp-v20220905",
            "os_type": "linux",
            "product_ids": [
              "f2e82m62kd032hrqpvkk",
              "f2env04lup1ac371q0cv"
            ],
            "size": 2,
            "status": "ready"
          },
          "sensitive_attributes": []
        }
      ]
    },
    {
      "module": "module.ya_instance_2",
      "mode": "managed",
      "type": "yandex_compute_instance",
      "name": "vm-server",
      "provider": "module.ya_instance_2.provider[\"registry.terraform.io/yandex-cloud/yandex\"]",
      "instances": [
        {
          "schema_version": 1,
          "attributes": {
            "allow_stopping_for_update": true,
            "boot_disk": [
              {
                "auto_delete": true,
                "device_name": "epdb53phnvdu5tmpf2n0",
                "disk_id": "epdb53phnvdu5tmpf2n0",
                "initialize_params": [
                  {
                    "description": "",
                    "image_id": "fd8pud26a17jdkbf9ecb",
                    "name": "",
                    "size": 3,
                    "snapshot_id": "",
                    "type": "network-hdd"
                  }
                ],
                "mode": "READ_WRITE"
              }
            ],
            "created_at": "2022-10-13T08:36:46Z",
            "description": "",
            "folder_id": "b1grtf5annaj45kv1e3p",
            "fqdn": "epdre9no85j7lk2lv2q7.auto.internal",
            "hostname": "epdre9no85j7lk2lv2q7",
            "id": "epdre9no85j7lk2lv2q7",
            "labels": {},
            "metadata": {
              "ssh-key": "ssh-rsa AAAAB3NzaC1yc2EAAAADAQABAAACAQD8MlCo5bcu0y1XA+5NgAQe/a+egSy45n/JRMR52CdqvUkVwtGPJATS5nlkyPVzZc/+uW5GqHMyqFxemB9r7BviM/DBFnP9HTet3+eUPKXb4lQMLxfHjqkRgpwDjQBpiTCvwMg9jhCVWlzdF++s5If/E4QMGrV3Fv8q/KdZYDehTg2zU7dWUIt406lowmTHbnCIpUb08j5f9dusMmy3UJXUPfn4dmF+TBnIB6vDSBffWgVun0JIgr1F56z/Xd4VSe7ivJCMjPK3BJTVgKjY75N6KN3lvmnRpWyJ1x2nrl8/4Iw4IcOwCsn3IgKlZqDlHuBu7jxRwON9TytMcNeSfryvq++/u23Bw51cc/ogeWgm2XjfibScCdwTKKBbrbq7C4qpQ0dLjjJCrswEdYN0+KsqN4/LG6hk7lNP5wW9EheZscPyKIC0KxHYdcptZlLyfjpYhjR/N/GGgTVVCkDrt1qk7RaEqHsH6lOGSgI7QLosDxq9OMLy9MJwHeK+TqfIbGCdf7qapDhy1bleHuezhBjUUG0pKnn8eQpTq7Pfl3QY9CpbiLD1BSUCtyuTDsHX+rTz3EBB9Qv3pT+e48dnAXhB0Ioc1vWRwHk/o/ZK7qtigq8pRRLsBVn4SGzpVUmiJ/LI6KAzPV/TpQOYIBk/CnninlGSOW6gucq6k3fsn9s0Ww== kotow@HomeComp\r\n"
            },
            "name": "server-ya-instance-2",
            "network_acceleration_type": "standard",
            "network_interface": [
              {
                "dns_record": [],
                "index": 0,
                "ip_address": "192.168.11.20",
                "ipv4": true,
                "ipv6": false,
                "ipv6_address": "",
                "ipv6_dns_record": [],
                "mac_address": "d0:0d:1b:72:6f:84",
                "nat": false,
                "nat_dns_record": [],
                "nat_ip_address": "",
                "nat_ip_version": "",
                "security_group_ids": [],
                "subnet_id": "e2lvl9odplmanf6i3tt2"
              }
            ],
            "placement_policy": [
              {
                "placement_group_id": ""
              }
            ],
            "platform_id": "standard-v1",
            "resources": [
              {
                "core_fraction": 100,
                "cores": 2,
                "gpus": 0,
                "memory": 2
              }
            ],
            "scheduling_policy": [
              {
                "preemptible": false
              }
            ],
            "secondary_disk": [],
            "service_account_id": "",
            "status": "running",
            "timeouts": null,
            "zone": "ru-central1-b"
          },
          "sensitive_attributes": [],
          "private": "eyJlMmJmYjczMC1lY2FhLTExZTYtOGY4OC0zNDM2M2JjN2M0YzAiOnsiY3JlYXRlIjozMDAwMDAwMDAwMDAsImRlbGV0ZSI6MzAwMDAwMDAwMDAwLCJ1cGRhdGUiOjMwMDAwMDAwMDAwMH0sInNjaGVtYV92ZXJzaW9uIjoiMSJ9",
          "dependencies": [
            "module.ya_instance_2.data.yandex_compute_image.server_image",
            "yandex_vpc_network.terraform-network",
            "yandex_vpc_subnet.subnet2"
          ]
        }
      ]
    }
  ],
  "check_results": []
}
